{
  "name": "UoB_Final_Project_On_Call",
  "lockfileVersion": 2,
  "requires": true,
  "packages": {
    "": {
      "dependencies": {
        "asterisk.io": "^0.1.1"
      }
    },
    "node_modules/asterisk.io": {
      "version": "0.1.1",
      "resolved": "https://registry.npmjs.org/asterisk.io/-/asterisk.io-0.1.1.tgz",
      "integrity": "sha512-1Lr/7eKb5dlClL2/Ahusus40rNEcrYZm4KqKC9uw5otYz/Upoha23kKnoFJ7RyMJncDuDJeZjTmoDJ5xLxtBAQ=="
    }
  },
  "dependencies": {
    "asterisk.io": {
      "version": "0.1.1",
      "resolved": "https://registry.npmjs.org/asterisk.io/-/asterisk.io-0.1.1.tgz",
      "integrity": "sha512-1Lr/7eKb5dlClL2/Ahusus40rNEcrYZm4KqKC9uw5otYz/Upoha23kKnoFJ7RyMJncDuDJeZjTmoDJ5xLxtBAQ=="
    }
  }
}
